// !$*UTF8*$!
{
	archiveVersion = 1;
	classes = {
	};
	objectVersion = 56;
	objects = {

/* Begin PBXBuildFile section */
		DCCDB49E2B41C34000011DE3 /* AppDelegate.swift in Sources */ = {isa = PBXBuildFile; fileRef = DCCDB49D2B41C34000011DE3 /* AppDelegate.swift */; };
		DCCDB4A02B41C34000011DE3 /* SceneDelegate.swift in Sources */ = {isa = PBXBuildFile; fileRef = DCCDB49F2B41C34000011DE3 /* SceneDelegate.swift */; };
		DCCDB4A22B41C34000011DE3 /* ViewController.swift in Sources */ = {isa = PBXBuildFile; fileRef = DCCDB4A12B41C34000011DE3 /* ViewController.swift */; };
		DCCDB4A52B41C34000011DE3 /* Main.storyboard in Resources */ = {isa = PBXBuildFile; fileRef = DCCDB4A32B41C34000011DE3 /* Main.storyboard */; };
		DCCDB4A72B41C34100011DE3 /* Assets.xcassets in Resources */ = {isa = PBXBuildFile; fileRef = DCCDB4A62B41C34100011DE3 /* Assets.xcassets */; };
		DCCDB4AA2B41C34100011DE3 /* LaunchScreen.storyboard in Resources */ = {isa = PBXBuildFile; fileRef = DCCDB4A82B41C34100011DE3 /* LaunchScreen.storyboard */; };
		DCCDB4B52B41C34100011DE3 /* HelloIOSTests.swift in Sources */ = {isa = PBXBuildFile; fileRef = DCCDB4B42B41C34100011DE3 /* HelloIOSTests.swift */; };
		DCCDB4BF2B41C34100011DE3 /* HelloIOSUITests.swift in Sources */ = {isa = PBXBuildFile; fileRef = DCCDB4BE2B41C34100011DE3 /* HelloIOSUITests.swift */; };
		DCCDB4C12B41C34100011DE3 /* HelloIOSUITestsLaunchTests.swift in Sources */ = {isa = PBXBuildFile; fileRef = DCCDB4C02B41C34100011DE3 /* HelloIOSUITestsLaunchTests.swift */; };
/* End PBXBuildFile section */

/* Begin PBXContainerItemProxy section */
		DCCDB4B12B41C34100011DE3 /* PBXContainerItemProxy */ = {
			isa = PBXContainerItemProxy;
			containerPortal = DCCDB4922B41C33F00011DE3 /* Project object */;
			proxyType = 1;
			remoteGlobalIDString = DCCDB4992B41C34000011DE3;
			remoteInfo = HelloIOS;
		};
		DCCDB4BB2B41C34100011DE3 /* PBXContainerItemProxy */ = {
			isa = PBXContainerItemProxy;
			containerPortal = DCCDB4922B41C33F00011DE3 /* Project object */;
			proxyType = 1;
			remoteGlobalIDString = DCCDB4992B41C34000011DE3;
			remoteInfo = HelloIOS;
		};
/* End PBXContainerItemProxy section */

/* Begin PBXFileReference section */
		DCCDB49A2B41C34000011DE3 /* HelloIOS.app */ = {isa = PBXFileReference; explicitFileType = wrapper.application; includeInIndex = 0; path = HelloIOS.app; sourceTree = BUILT_PRODUCTS_DIR; };
		DCCDB49D2B41C34000011DE3 /* AppDelegate.swift */ = {isa = PBXFileReference; lastKnownFileType = sourcecode.swift; path = AppDelegate.swift; sourceTree = "<group>"; };
		DCCDB49F2B41C34000011DE3 /* SceneDelegate.swift */ = {isa = PBXFileReference; lastKnownFileType = sourcecode.swift; path = SceneDelegate.swift; sourceTree = "<group>"; };
		DCCDB4A12B41C34000011DE3 /* ViewController.swift */ = {isa = PBXFileReference; lastKnownFileType = sourcecode.swift; path = ViewController.swift; sourceTree = "<group>"; };
		DCCDB4A42B41C34000011DE3 /* Base */ = {isa = PBXFileReference; lastKnownFileType = file.storyboard; name = Base; path = Base.lproj/Main.storyboard; sourceTree = "<group>"; };
		DCCDB4A62B41C34100011DE3 /* Assets.xcassets */ = {isa = PBXFileReference; lastKnownFileType = folder.assetcatalog; path = Assets.xcassets; sourceTree = "<group>"; };
		DCCDB4A92B41C34100011DE3 /* Base */ = {isa = PBXFileReference; lastKnownFileType = file.storyboard; name = Base; path = Base.lproj/LaunchScreen.storyboard; sourceTree = "<group>"; };
		DCCDB4AB2B41C34100011DE3 /* Info.plist */ = {isa = PBXFileReference; lastKnownFileType = text.plist.xml; path = Info.plist; sourceTree = "<group>"; };
		DCCDB4B02B41C34100011DE3 /* HelloIOSTests.xctest */ = {isa = PBXFileReference; explicitFileType = wrapper.cfbundle; includeInIndex = 0; path = HelloIOSTests.xctest; sourceTree = BUILT_PRODUCTS_DIR; };
		DCCDB4B42B41C34100011DE3 /* HelloIOSTests.swift */ = {isa = PBXFileReference; lastKnownFileType = sourcecode.swift; path = HelloIOSTests.swift; sourceTree = "<group>"; };
		DCCDB4BA2B41C34100011DE3 /* HelloIOSUITests.xctest */ = {isa = PBXFileReference; explicitFileType = wrapper.cfbundle; includeInIndex = 0; path = HelloIOSUITests.xctest; sourceTree = BUILT_PRODUCTS_DIR; };
		DCCDB4BE2B41C34100011DE3 /* HelloIOSUITests.swift */ = {isa = PBXFileReference; lastKnownFileType = sourcecode.swift; path = HelloIOSUITests.swift; sourceTree = "<group>"; };
		DCCDB4C02B41C34100011DE3 /* HelloIOSUITestsLaunchTests.swift */ = {isa = PBXFileReference; lastKnownFileType = sourcecode.swift; path = HelloIOSUITestsLaunchTests.swift; sourceTree = "<group>"; };
/* End PBXFileReference section */

/* Begin PBXFrameworksBuildPhase section */
		DCCDB4972B41C34000011DE3 /* Frameworks */ = {
			isa = PBXFrameworksBuildPhase;
			buildActionMask = 2147483647;
			files = (
			);
			runOnlyForDeploymentPostprocessing = 0;
		};
		DCCDB4AD2B41C34100011DE3 /* Frameworks */ = {
			isa = PBXFrameworksBuildPhase;
			buildActionMask = 2147483647;
			files = (
			);
			runOnlyForDeploymentPostprocessing = 0;
		};
		DCCDB4B72B41C34100011DE3 /* Frameworks */ = {
			isa = PBXFrameworksBuildPhase;
			buildActionMask = 2147483647;
			files = (
			);
			runOnlyForDeploymentPostprocessing = 0;
		};
/* End PBXFrameworksBuildPhase section */

/* Begin PBXGroup section */
		DCCDB4912B41C33F00011DE3 = {
			isa = PBXGroup;
			children = (
				DCCDB49C2B41C34000011DE3 /* HelloIOS */,
				DCCDB4B32B41C34100011DE3 /* HelloIOSTests */,
				DCCDB4BD2B41C34100011DE3 /* HelloIOSUITests */,
				DCCDB49B2B41C34000011DE3 /* Products */,
			);
			sourceTree = "<group>";
		};
		DCCDB49B2B41C34000011DE3 /* Products */ = {
			isa = PBXGroup;
			children = (
				DCCDB49A2B41C34000011DE3 /* HelloIOS.app */,
				DCCDB4B02B41C34100011DE3 /* HelloIOSTests.xctest */,
				DCCDB4BA2B41C34100011DE3 /* HelloIOSUITests.xctest */,
			);
			name = Products;
			sourceTree = "<group>";
		};
		DCCDB49C2B41C34000011DE3 /* HelloIOS */ = {
			isa = PBXGroup;
			children = (
				DCCDB49D2B41C34000011DE3 /* AppDelegate.swift */,
				DCCDB49F2B41C34000011DE3 /* SceneDelegate.swift */,
				DCCDB4A12B41C34000011DE3 /* ViewController.swift */,
				DCCDB4A32B41C34000011DE3 /* Main.storyboard */,
				DCCDB4A62B41C34100011DE3 /* Assets.xcassets */,
				DCCDB4A82B41C34100011DE3 /* LaunchScreen.storyboard */,
				DCCDB4AB2B41C34100011DE3 /* Info.plist */,
			);
			path = HelloIOS;
			sourceTree = "<group>";
		};
		DCCDB4B32B41C34100011DE3 /* HelloIOSTests */ = {
			isa = PBXGroup;
			children = (
				DCCDB4B42B41C34100011DE3 /* HelloIOSTests.swift */,
			);
			path = HelloIOSTests;
			sourceTree = "<group>";
		};
		DCCDB4BD2B41C34100011DE3 /* HelloIOSUITests */ = {
			isa = PBXGroup;
			children = (
				DCCDB4BE2B41C34100011DE3 /* HelloIOSUITests.swift */,
				DCCDB4C02B41C34100011DE3 /* HelloIOSUITestsLaunchTests.swift */,
			);
			path = HelloIOSUITests;
			sourceTree = "<group>";
		};
/* End PBXGroup section */

/* Begin PBXNativeTarget section */
		DCCDB4992B41C34000011DE3 /* HelloIOS */ = {
			isa = PBXNativeTarget;
			buildConfigurationList = DCCDB4C42B41C34100011DE3 /* Build configuration list for PBXNativeTarget "HelloIOS" */;
			buildPhases = (
				DCCDB4962B41C34000011DE3 /* Sources */,
				DCCDB4972B41C34000011DE3 /* Frameworks */,
				DCCDB4982B41C34000011DE3 /* Resources */,
			);
			buildRules = (
			);
			dependencies = (
			);
			name = HelloIOS;
			productName = HelloIOS;
			productReference = DCCDB49A2B41C34000011DE3 /* HelloIOS.app */;
			productType = "com.apple.product-type.application";
		};
		DCCDB4AF2B41C34100011DE3 /* HelloIOSTests */ = {
			isa = PBXNativeTarget;
			buildConfigurationList = DCCDB4C72B41C34100011DE3 /* Build configuration list for PBXNativeTarget "HelloIOSTests" */;
			buildPhases = (
				DCCDB4AC2B41C34100011DE3 /* Sources */,
				DCCDB4AD2B41C34100011DE3 /* Frameworks */,
				DCCDB4AE2B41C34100011DE3 /* Resources */,
			);
			buildRules = (
			);
			dependencies = (
				DCCDB4B22B41C34100011DE3 /* PBXTargetDependency */,
			);
			name = HelloIOSTests;
			productName = HelloIOSTests;
			productReference = DCCDB4B02B41C34100011DE3 /* HelloIOSTests.xctest */;
			productType = "com.apple.product-type.bundle.unit-test";
		};
		DCCDB4B92B41C34100011DE3 /* HelloIOSUITests */ = {
			isa = PBXNativeTarget;
			buildConfigurationList = DCCDB4CA2B41C34100011DE3 /* Build configuration list for PBXNativeTarget "HelloIOSUITests" */;
			buildPhases = (
				DCCDB4B62B41C34100011DE3 /* Sources */,
				DCCDB4B72B41C34100011DE3 /* Frameworks */,
				DCCDB4B82B41C34100011DE3 /* Resources */,
			);
			buildRules = (
			);
			dependencies = (
				DCCDB4BC2B41C34100011DE3 /* PBXTargetDependency */,
			);
			name = HelloIOSUITests;
			productName = HelloIOSUITests;
			productReference = DCCDB4BA2B41C34100011DE3 /* HelloIOSUITests.xctest */;
			productType = "com.apple.product-type.bundle.ui-testing";
		};
/* End PBXNativeTarget section */

/* Begin PBXProject section */
		DCCDB4922B41C33F00011DE3 /* Project object */ = {
			isa = PBXProject;
			attributes = {
				BuildIndependentTargetsInParallel = 1;
				LastSwiftUpdateCheck = 1500;
				LastUpgradeCheck = 1500;
				TargetAttributes = {
					DCCDB4992B41C34000011DE3 = {
						CreatedOnToolsVersion = 15.0.1;
					};
					DCCDB4AF2B41C34100011DE3 = {
						CreatedOnToolsVersion = 15.0.1;
						TestTargetID = DCCDB4992B41C34000011DE3;
					};
					DCCDB4B92B41C34100011DE3 = {
						CreatedOnToolsVersion = 15.0.1;
						TestTargetID = DCCDB4992B41C34000011DE3;
					};
				};
			};
			buildConfigurationList = DCCDB4952B41C33F00011DE3 /* Build configuration list for PBXProject "HelloIOS" */;
			compatibilityVersion = "Xcode 14.0";
			developmentRegion = en;
			hasScannedForEncodings = 0;
			knownRegions = (
				en,
				Base,
			);
			mainGroup = DCCDB4912B41C33F00011DE3;
			productRefGroup = DCCDB49B2B41C34000011DE3 /* Products */;
			projectDirPath = "";
			projectRoot = "";
			targets = (
				DCCDB4992B41C34000011DE3 /* HelloIOS */,
				DCCDB4AF2B41C34100011DE3 /* HelloIOSTests */,
				DCCDB4B92B41C34100011DE3 /* HelloIOSUITests */,
			);
		};
/* End PBXProject section */

/* Begin PBXResourcesBuildPhase section */
		DCCDB4982B41C34000011DE3 /* Resources */ = {
			isa = PBXResourcesBuildPhase;
			buildActionMask = 2147483647;
			files = (
				DCCDB4AA2B41C34100011DE3 /* LaunchScreen.storyboard in Resources */,
				DCCDB4A72B41C34100011DE3 /* Assets.xcassets in Resources */,
				DCCDB4A52B41C34000011DE3 /* Main.storyboard in Resources */,
			);
			runOnlyForDeploymentPostprocessing = 0;
		};
		DCCDB4AE2B41C34100011DE3 /* Resources */ = {
			isa = PBXResourcesBuildPhase;
			buildActionMask = 2147483647;
			files = (
			);
			runOnlyForDeploymentPostprocessing = 0;
		};
		DCCDB4B82B41C34100011DE3 /* Resources */ = {
			isa = PBXResourcesBuildPhase;
			buildActionMask = 2147483647;
			files = (
			);
			runOnlyForDeploymentPostprocessing = 0;
		};
/* End PBXResourcesBuildPhase section */

/* Begin PBXSourcesBuildPhase section */
		DCCDB4962B41C34000011DE3 /* Sources */ = {
			isa = PBXSourcesBuildPhase;
			buildActionMask = 2147483647;
			files = (
				DCCDB4A22B41C34000011DE3 /* ViewController.swift in Sources */,
				DCCDB49E2B41C34000011DE3 /* AppDelegate.swift in Sources */,
				DCCDB4A02B41C34000011DE3 /* SceneDelegate.swift in Sources */,
			);
			runOnlyForDeploymentPostprocessing = 0;
		};
		DCCDB4AC2B41C34100011DE3 /* Sources */ = {
			isa = PBXSourcesBuildPhase;
			buildActionMask = 2147483647;
			files = (
				DCCDB4B52B41C34100011DE3 /* HelloIOSTests.swift in Sources */,
			);
			runOnlyForDeploymentPostprocessing = 0;
		};
		DCCDB4B62B41C34100011DE3 /* Sources */ = {
			isa = PBXSourcesBuildPhase;
			buildActionMask = 2147483647;
			files = (
				DCCDB4C12B41C34100011DE3 /* HelloIOSUITestsLaunchTests.swift in Sources */,
				DCCDB4BF2B41C34100011DE3 /* HelloIOSUITests.swift in Sources */,
			);
			runOnlyForDeploymentPostprocessing = 0;
		};
/* End PBXSourcesBuildPhase section */

/* Begin PBXTargetDependency section */
		DCCDB4B22B41C34100011DE3 /* PBXTargetDependency */ = {
			isa = PBXTargetDependency;
			target = DCCDB4992B41C34000011DE3 /* HelloIOS */;
			targetProxy = DCCDB4B12B41C34100011DE3 /* PBXContainerItemProxy */;
		};
		DCCDB4BC2B41C34100011DE3 /* PBXTargetDependency */ = {
			isa = PBXTargetDependency;
			target = DCCDB4992B41C34000011DE3 /* HelloIOS */;
			targetProxy = DCCDB4BB2B41C34100011DE3 /* PBXContainerItemProxy */;
		};
/* End PBXTargetDependency section */

/* Begin PBXVariantGroup section */
		DCCDB4A32B41C34000011DE3 /* Main.storyboard */ = {
			isa = PBXVariantGroup;
			children = (
				DCCDB4A42B41C34000011DE3 /* Base */,
			);
			name = Main.storyboard;
			sourceTree = "<group>";
		};
		DCCDB4A82B41C34100011DE3 /* LaunchScreen.storyboard */ = {
			isa = PBXVariantGroup;
			children = (
				DCCDB4A92B41C34100011DE3 /* Base */,
			);
			name = LaunchScreen.storyboard;
			sourceTree = "<group>";
		};
/* End PBXVariantGroup section */

/* Begin XCBuildConfiguration section */
		DCCDB4C22B41C34100011DE3 /* Debug */ = {
			isa = XCBuildConfiguration;
			buildSettings = {
				ALWAYS_SEARCH_USER_PATHS = NO;
				ASSETCATALOG_COMPILER_GENERATE_SWIFT_ASSET_SYMBOL_EXTENSIONS = YES;
				CLANG_ANALYZER_NONNULL = YES;
				CLANG_ANALYZER_NUMBER_OBJECT_CONVERSION = YES_AGGRESSIVE;
				CLANG_CXX_LANGUAGE_STANDARD = "gnu++20";
				CLANG_ENABLE_MODULES = YES;
				CLANG_ENABLE_OBJC_ARC = YES;
				CLANG_ENABLE_OBJC_WEAK = YES;
				CLANG_WARN_BLOCK_CAPTURE_AUTORELEASING = YES;
				CLANG_WARN_BOOL_CONVERSION = YES;
				CLANG_WARN_COMMA = YES;
				CLANG_WARN_CONSTANT_CONVERSION = YES;
				CLANG_WARN_DEPRECATED_OBJC_IMPLEMENTATIONS = YES;
				CLANG_WARN_DIRECT_OBJC_ISA_USAGE = YES_ERROR;
				CLANG_WARN_DOCUMENTATION_COMMENTS = YES;
				CLANG_WARN_EMPTY_BODY = YES;
				CLANG_WARN_ENUM_CONVERSION = YES;
				CLANG_WARN_INFINITE_RECURSION = YES;
				CLANG_WARN_INT_CONVERSION = YES;
				CLANG_WARN_NON_LITERAL_NULL_CONVERSION = YES;
				CLANG_WARN_OBJC_IMPLICIT_RETAIN_SELF = YES;
				CLANG_WARN_OBJC_LITERAL_CONVERSION = YES;
				CLANG_WARN_OBJC_ROOT_CLASS = YES_ERROR;
				CLANG_WARN_QUOTED_INCLUDE_IN_FRAMEWORK_HEADER = YES;
				CLANG_WARN_RANGE_LOOP_ANALYSIS = YES;
				CLANG_WARN_STRICT_PROTOTYPES = YES;
				CLANG_WARN_SUSPICIOUS_MOVE = YES;
				CLANG_WARN_UNGUARDED_AVAILABILITY = YES_AGGRESSIVE;
				CLANG_WARN_UNREACHABLE_CODE = YES;
				CLANG_WARN__DUPLICATE_METHOD_MATCH = YES;
				COPY_PHASE_STRIP = NO;
				DEBUG_INFORMATION_FORMAT = dwarf;
				ENABLE_STRICT_OBJC_MSGSEND = YES;
				ENABLE_TESTABILITY = YES;
				ENABLE_USER_SCRIPT_SANDBOXING = YES;
				GCC_C_LANGUAGE_STANDARD = gnu17;
				GCC_DYNAMIC_NO_PIC = NO;
				GCC_NO_COMMON_BLOCKS = YES;
				GCC_OPTIMIZATION_LEVEL = 0;
				GCC_PREPROCESSOR_DEFINITIONS = (
					"DEBUG=1",
					"$(inherited)",
				);
				GCC_WARN_64_TO_32_BIT_CONVERSION = YES;
				GCC_WARN_ABOUT_RETURN_TYPE = YES_ERROR;
				GCC_WARN_UNDECLARED_SELECTOR = YES;
				GCC_WARN_UNINITIALIZED_AUTOS = YES_AGGRESSIVE;
				GCC_WARN_UNUSED_FUNCTION = YES;
				GCC_WARN_UNUSED_VARIABLE = YES;
				IPHONEOS_DEPLOYMENT_TARGET = 17.0;
				LOCALIZATION_PREFERS_STRING_CATALOGS = YES;
				MTL_ENABLE_DEBUG_INFO = INCLUDE_SOURCE;
				MTL_FAST_MATH = YES;
				ONLY_ACTIVE_ARCH = YES;
				SDKROOT = iphoneos;
				SWIFT_ACTIVE_COMPILATION_CONDITIONS = "DEBUG $(inherited)";
				SWIFT_OPTIMIZATION_LEVEL = "-Onone";
			};
			name = Debug;
		};
		DCCDB4C32B41C34100011DE3 /* Release */ = {
			isa = XCBuildConfiguration;
			buildSettings = {
				ALWAYS_SEARCH_USER_PATHS = NO;
				ASSETCATALOG_COMPILER_GENERATE_SWIFT_ASSET_SYMBOL_EXTENSIONS = YES;
				CLANG_ANALYZER_NONNULL = YES;
				CLANG_ANALYZER_NUMBER_OBJECT_CONVERSION = YES_AGGRESSIVE;
				CLANG_CXX_LANGUAGE_STANDARD = "gnu++20";
				CLANG_ENABLE_MODULES = YES;
				CLANG_ENABLE_OBJC_ARC = YES;
				CLANG_ENABLE_OBJC_WEAK = YES;
				CLANG_WARN_BLOCK_CAPTURE_AUTORELEASING = YES;
				CLANG_WARN_BOOL_CONVERSION = YES;
				CLANG_WARN_COMMA = YES;
				CLANG_WARN_CONSTANT_CONVERSION = YES;
				CLANG_WARN_DEPRECATED_OBJC_IMPLEMENTATIONS = YES;
				CLANG_WARN_DIRECT_OBJC_ISA_USAGE = YES_ERROR;
				CLANG_WARN_DOCUMENTATION_COMMENTS = YES;
				CLANG_WARN_EMPTY_BODY = YES;
				CLANG_WARN_ENUM_CONVERSION = YES;
				CLANG_WARN_INFINITE_RECURSION = YES;
				CLANG_WARN_INT_CONVERSION = YES;
				CLANG_WARN_NON_LITERAL_NULL_CONVERSION = YES;
				CLANG_WARN_OBJC_IMPLICIT_RETAIN_SELF = YES;
				CLANG_WARN_OBJC_LITERAL_CONVERSION = YES;
				CLANG_WARN_OBJC_ROOT_CLASS = YES_ERROR;
				CLANG_WARN_QUOTED_INCLUDE_IN_FRAMEWORK_HEADER = YES;
				CLANG_WARN_RANGE_LOOP_ANALYSIS = YES;
				CLANG_WARN_STRICT_PROTOTYPES = YES;
				CLANG_WARN_SUSPICIOUS_MOVE = YES;
				CLANG_WARN_UNGUARDED_AVAILABILITY = YES_AGGRESSIVE;
				CLANG_WARN_UNREACHABLE_CODE = YES;
				CLANG_WARN__DUPLICATE_METHOD_MATCH = YES;
				COPY_PHASE_STRIP = NO;
				DEBUG_INFORMATION_FORMAT = "dwarf-with-dsym";
				ENABLE_NS_ASSERTIONS = NO;
				ENABLE_STRICT_OBJC_MSGSEND = YES;
				ENABLE_USER_SCRIPT_SANDBOXING = YES;
				GCC_C_LANGUAGE_STANDARD = gnu17;
				GCC_NO_COMMON_BLOCKS = YES;
				GCC_WARN_64_TO_32_BIT_CONVERSION = YES;
				GCC_WARN_ABOUT_RETURN_TYPE = YES_ERROR;
				GCC_WARN_UNDECLARED_SELECTOR = YES;
				GCC_WARN_UNINITIALIZED_AUTOS = YES_AGGRESSIVE;
				GCC_WARN_UNUSED_FUNCTION = YES;
				GCC_WARN_UNUSED_VARIABLE = YES;
				IPHONEOS_DEPLOYMENT_TARGET = 17.0;
				LOCALIZATION_PREFERS_STRING_CATALOGS = YES;
				MTL_ENABLE_DEBUG_INFO = NO;
				MTL_FAST_MATH = YES;
				SDKROOT = iphoneos;
				SWIFT_COMPILATION_MODE = wholemodule;
				VALIDATE_PRODUCT = YES;
			};
			name = Release;
		};
		DCCDB4C52B41C34100011DE3 /* Debug */ = {
			isa = XCBuildConfiguration;
			buildSettings = {
				ASSETCATALOG_COMPILER_APPICON_NAME = AppIcon;
				ASSETCATALOG_COMPILER_GLOBAL_ACCENT_COLOR_NAME = AccentColor;
				CODE_SIGN_STYLE = Automatic;
				CURRENT_PROJECT_VERSION = 1;
				DEVELOPMENT_TEAM = Z4W97F33CY;
				GENERATE_INFOPLIST_FILE = YES;
				INFOPLIST_FILE = HelloIOS/Info.plist;
				INFOPLIST_KEY_UIApplicationSupportsIndirectInputEvents = YES;
				INFOPLIST_KEY_UILaunchStoryboardName = LaunchScreen;
				INFOPLIST_KEY_UIMainStoryboardFile = Main;
				INFOPLIST_KEY_UISupportedInterfaceOrientations_iPad = "UIInterfaceOrientationPortrait UIInterfaceOrientationPortraitUpsideDown UIInterfaceOrientationLandscapeLeft UIInterfaceOrientationLandscapeRight";
				INFOPLIST_KEY_UISupportedInterfaceOrientations_iPhone = "UIInterfaceOrientationPortrait UIInterfaceOrientationLandscapeLeft UIInterfaceOrientationLandscapeRight";
				LD_RUNPATH_SEARCH_PATHS = (
					"$(inherited)",
					"@executable_path/Frameworks",
				);
				MARKETING_VERSION = 1.0;
				PRODUCT_BUNDLE_IDENTIFIER = "Affan-Khamse.HelloIOS";
				PRODUCT_NAME = "$(TARGET_NAME)";
				SWIFT_EMIT_LOC_STRINGS = YES;
				SWIFT_VERSION = 5.0;
				TARGETED_DEVICE_FAMILY = "1,2";
			};
			name = Debug;
		};
		DCCDB4C62B41C34100011DE3 /* Release */ = {
			isa = XCBuildConfiguration;
			buildSettings = {
				ASSETCATALOG_COMPILER_APPICON_NAME = AppIcon;
				ASSETCATALOG_COMPILER_GLOBAL_ACCENT_COLOR_NAME = AccentColor;
				CODE_SIGN_STYLE = Automatic;
				CURRENT_PROJECT_VERSION = 1;
				DEVELOPMENT_TEAM = Z4W97F33CY;
				GENERATE_INFOPLIST_FILE = YES;
				INFOPLIST_FILE = HelloIOS/Info.plist;
				INFOPLIST_KEY_UIApplicationSupportsIndirectInputEvents = YES;
				INFOPLIST_KEY_UILaunchStoryboardName = LaunchScreen;
				INFOPLIST_KEY_UIMainStoryboardFile = Main;
				INFOPLIST_KEY_UISupportedInterfaceOrientations_iPad = "UIInterfaceOrientationPortrait UIInterfaceOrientationPortraitUpsideDown UIInterfaceOrientationLandscapeLeft UIInterfaceOrientationLandscapeRight";
				INFOPLIST_KEY_UISupportedInterfaceOrientations_iPhone = "UIInterfaceOrientationPortrait UIInterfaceOrientationLandscapeLeft UIInterfaceOrientationLandscapeRight";
				LD_RUNPATH_SEARCH_PATHS = (
					"$(inherited)",
					"@executable_path/Frameworks",
				);
				MARKETING_VERSION = 1.0;
				PRODUCT_BUNDLE_IDENTIFIER = "Affan-Khamse.HelloIOS";
				PRODUCT_NAME = "$(TARGET_NAME)";
				SWIFT_EMIT_LOC_STRINGS = YES;
				SWIFT_VERSION = 5.0;
				TARGETED_DEVICE_FAMILY = "1,2";
			};
			name = Release;
		};
		DCCDB4C82B41C34100011DE3 /* Debug */ = {
			isa = XCBuildConfiguration;
			buildSettings = {
				ALWAYS_EMBED_SWIFT_STANDARD_LIBRARIES = YES;
				BUNDLE_LOADER = "$(TEST_HOST)";
				CODE_SIGN_STYLE = Automatic;
				CURRENT_PROJECT_VERSION = 1;
				GENERATE_INFOPLIST_FILE = YES;
				IPHONEOS_DEPLOYMENT_TARGET = 17.0;
				MARKETING_VERSION = 1.0;
				PRODUCT_BUNDLE_IDENTIFIER = "Affan-Khamse.HelloIOSTests";
				PRODUCT_NAME = "$(TARGET_NAME)";
				SWIFT_EMIT_LOC_STRINGS = NO;
				SWIFT_VERSION = 5.0;
				TARGETED_DEVICE_FAMILY = "1,2";
				TEST_HOST = "$(BUILT_PRODUCTS_DIR)/HelloIOS.app/$(BUNDLE_EXECUTABLE_FOLDER_PATH)/HelloIOS";
			};
			name = Debug;
		};
		DCCDB4C92B41C34100011DE3 /* Release */ = {
			isa = XCBuildConfiguration;
			buildSettings = {
				ALWAYS_EMBED_SWIFT_STANDARD_LIBRARIES = YES;
				BUNDLE_LOADER = "$(TEST_HOST)";
				CODE_SIGN_STYLE = Automatic;
				CURRENT_PROJECT_VERSION = 1;
				GENERATE_INFOPLIST_FILE = YES;
				IPHONEOS_DEPLOYMENT_TARGET = 17.0;
				MARKETING_VERSION = 1.0;
				PRODUCT_BUNDLE_IDENTIFIER = "Affan-Khamse.HelloIOSTests";
				PRODUCT_NAME = "$(TARGET_NAME)";
				SWIFT_EMIT_LOC_STRINGS = NO;
				SWIFT_VERSION = 5.0;
				TARGETED_DEVICE_FAMILY = "1,2";
				TEST_HOST = "$(BUILT_PRODUCTS_DIR)/HelloIOS.app/$(BUNDLE_EXECUTABLE_FOLDER_PATH)/HelloIOS";
			};
			name = Release;
		};
		DCCDB4CB2B41C34100011DE3 /* Debug */ = {
			isa = XCBuildConfiguration;
			buildSettings = {
				ALWAYS_EMBED_SWIFT_STANDARD_LIBRARIES = YES;
				CODE_SIGN_STYLE = Automatic;
				CURRENT_PROJECT_VERSION = 1;
				GENERATE_INFOPLIST_FILE = YES;
				MARKETING_VERSION = 1.0;
				PRODUCT_BUNDLE_IDENTIFIER = "Affan-Khamse.HelloIOSUITests";
				PRODUCT_NAME = "$(TARGET_NAME)";
				SWIFT_EMIT_LOC_STRINGS = NO;
				SWIFT_VERSION = 5.0;
				TARGETED_DEVICE_FAMILY = "1,2";
				TEST_TARGET_NAME = HelloIOS;
			};
			name = Debug;
		};
		DCCDB4CC2B41C34100011DE3 /* Release */ = {
			isa = XCBuildConfiguration;
			buildSettings = {
				ALWAYS_EMBED_SWIFT_STANDARD_LIBRARIES = YES;
				CODE_SIGN_STYLE = Automatic;
				CURRENT_PROJECT_VERSION = 1;
				GENERATE_INFOPLIST_FILE = YES;
				MARKETING_VERSION = 1.0;
				PRODUCT_BUNDLE_IDENTIFIER = "Affan-Khamse.HelloIOSUITests";
				PRODUCT_NAME = "$(TARGET_NAME)";
				SWIFT_EMIT_LOC_STRINGS = NO;
				SWIFT_VERSION = 5.0;
				TARGETED_DEVICE_FAMILY = "1,2";
				TEST_TARGET_NAME = HelloIOS;
			};
			name = Release;
		};
/* End XCBuildConfiguration section */

/* Begin XCConfigurationList section */
		DCCDB4952B41C33F00011DE3 /* Build configuration list for PBXProject "HelloIOS" */ = {
			isa = XCConfigurationList;
			buildConfigurations = (
				DCCDB4C22B41C34100011DE3 /* Debug */,
				DCCDB4C32B41C34100011DE3 /* Release */,
			);
			defaultConfigurationIsVisible = 0;
			defaultConfigurationName = Release;
		};
		DCCDB4C42B41C34100011DE3 /* Build configuration list for PBXNativeTarget "HelloIOS" */ = {
			isa = XCConfigurationList;
			buildConfigurations = (
				DCCDB4C52B41C34100011DE3 /* Debug */,
				DCCDB4C62B41C34100011DE3 /* Release */,
			);
			defaultConfigurationIsVisible = 0;
			defaultConfigurationName = Release;
		};
		DCCDB4C72B41C34100011DE3 /* Build configuration list for PBXNativeTarget "HelloIOSTests" */ = {
			isa = XCConfigurationList;
			buildConfigurations = (
				DCCDB4C82B41C34100011DE3 /* Debug */,
				DCCDB4C92B41C34100011DE3 /* Release */,
			);
			defaultConfigurationIsVisible = 0;
			defaultConfigurationName = Release;
		};
		DCCDB4CA2B41C34100011DE3 /* Build configuration list for PBXNativeTarget "HelloIOSUITests" */ = {
			isa = XCConfigurationList;
			buildConfigurations = (
				DCCDB4CB2B41C34100011DE3 /* Debug */,
				DCCDB4CC2B41C34100011DE3 /* Release */,
			);
			defaultConfigurationIsVisible = 0;
			defaultConfigurationName = Release;
		};
/* End XCConfigurationList section */
	};
	rootObject = DCCDB4922B41C33F00011DE3 /* Project object */;
}
